
Microsoft Visual Studio Solution File, Format Version 12.00
# Visual Studio 15
VisualStudioVersion = 15.0.28307.102
MinimumVisualStudioVersion = 10.0.40219.1
Project("{FAE04EC0-301F-11D3-BF4B-00C04F79EFBC}") = "TypographyNN", "TypographyNN\TypographyNN.csproj", "{2D7010A5-E32E-407B-B86F-1FE758270224}"
EndProject
Global
	GlobalSection(SolutionConfigurationPlatforms) = preSolution
		Debug|Any CPU = Debug|Any CPU
		Release|Any CPU = Release|Any CPU
	EndGlobalSection
	GlobalSection(ProjectConfigurationPlatforms) = postSolution
		{2D7010A5-E32E-407B-B86F-1FE758270224}.Debug|Any CPU.ActiveCfg = Debug|Any CPU
		{2D7010A5-E32E-407B-B86F-1FE758270224}.Debug|Any CPU.Build.0 = Debug|Any CPU
		{2D7010A5-E32E-407B-B86F-1FE758270224}.Release|Any CPU.ActiveCfg = Release|Any CPU
		{2D7010A5-E32E-407B-B86F-1FE758270224}.Release|Any CPU.Build.0 = Release|Any CPU
	EndGlobalSection
	GlobalSection(SolutionProperties) = preSolution
		HideSolutionNode = FALSE
	EndGlobalSection
	GlobalSection(ExtensibilityGlobals) = postSolution
		SolutionGuid = {BFD3735D-FEFB-4450-B2AB-33B262C68A9C}
	EndGlobalSection
EndGlobal
